
Microsoft Visual Studio Solution File, Format Version 12.00
# Visual Studio Version 17
VisualStudioVersion = 17.11.35312.102
MinimumVisualStudioVersion = 10.0.40219.1
Project("{8BC9CEB8-8B4A-11D0-8D11-00A0C91BC942}") = "PO_VS_lb1", "PO_VS_lb1.vcxproj", "{98B6DC0A-7B95-4F6A-8444-A1806FB83B19}"
EndProject
Global
	GlobalSection(SolutionConfigurationPlatforms) = preSolution
		Debug|x64 = Debug|x64
		Debug|x86 = Debug|x86
		Release|x64 = Release|x64
		Release|x86 = Release|x86
	EndGlobalSection
	GlobalSection(ProjectConfigurationPlatforms) = postSolution
		{98B6DC0A-7B95-4F6A-8444-A1806FB83B19}.Debug|x64.ActiveCfg = Debug|x64
		{98B6DC0A-7B95-4F6A-8444-A1806FB83B19}.Debug|x64.Build.0 = Debug|x64
		{98B6DC0A-7B95-4F6A-8444-A1806FB83B19}.Debug|x86.ActiveCfg = Debug|Win32
		{98B6DC0A-7B95-4F6A-8444-A1806FB83B19}.Debug|x86.Build.0 = Debug|Win32
		{98B6DC0A-7B95-4F6A-8444-A1806FB83B19}.Release|x64.ActiveCfg = Release|x64
		{98B6DC0A-7B95-4F6A-8444-A1806FB83B19}.Release|x64.Build.0 = Release|x64
		{98B6DC0A-7B95-4F6A-8444-A1806FB83B19}.Release|x86.ActiveCfg = Release|Win32
		{98B6DC0A-7B95-4F6A-8444-A1806FB83B19}.Release|x86.Build.0 = Release|Win32
	EndGlobalSection
	GlobalSection(SolutionProperties) = preSolution
		HideSolutionNode = FALSE
	EndGlobalSection
	GlobalSection(ExtensibilityGlobals) = postSolution
		SolutionGuid = {FCF1B3A6-0945-48EE-A5CC-B315F66CC756}
	EndGlobalSection
EndGlobal
